
Microsoft Visual Studio Solution File, Format Version 12.00
# Visual Studio Version 17
VisualStudioVersion = 17.0.31903.59
MinimumVisualStudioVersion = 10.0.40219.1
Project("{FAE04EC0-301F-11D3-BF4B-00C04F79EFBC}") = "MoneyExtension", "MoneyExtension\MoneyExtension.csproj", "{7EE2FA1E-69F5-490F-B019-81E586C0C6C7}"
EndProject
Project("{FAE04EC0-301F-11D3-BF4B-00C04F79EFBC}") = "MoneyExtension.Test", "MoneyExtension.Test\MoneyExtension.Test.csproj", "{61EB52F1-3CEA-4D04-B636-FBDD4C7E0D03}"
EndProject
Global
	GlobalSection(SolutionConfigurationPlatforms) = preSolution
		Debug|Any CPU = Debug|Any CPU
		Release|Any CPU = Release|Any CPU
	EndGlobalSection
	GlobalSection(SolutionProperties) = preSolution
		HideSolutionNode = FALSE
	EndGlobalSection
	GlobalSection(ProjectConfigurationPlatforms) = postSolution
		{7EE2FA1E-69F5-490F-B019-81E586C0C6C7}.Debug|Any CPU.ActiveCfg = Debug|Any CPU
		{7EE2FA1E-69F5-490F-B019-81E586C0C6C7}.Debug|Any CPU.Build.0 = Debug|Any CPU
		{7EE2FA1E-69F5-490F-B019-81E586C0C6C7}.Release|Any CPU.ActiveCfg = Release|Any CPU
		{7EE2FA1E-69F5-490F-B019-81E586C0C6C7}.Release|Any CPU.Build.0 = Release|Any CPU
		{61EB52F1-3CEA-4D04-B636-FBDD4C7E0D03}.Debug|Any CPU.ActiveCfg = Debug|Any CPU
		{61EB52F1-3CEA-4D04-B636-FBDD4C7E0D03}.Debug|Any CPU.Build.0 = Debug|Any CPU
		{61EB52F1-3CEA-4D04-B636-FBDD4C7E0D03}.Release|Any CPU.ActiveCfg = Release|Any CPU
		{61EB52F1-3CEA-4D04-B636-FBDD4C7E0D03}.Release|Any CPU.Build.0 = Release|Any CPU
	EndGlobalSection
EndGlobal
